
Microsoft Visual Studio Solution File, Format Version 12.00
# Visual Studio Version 17
VisualStudioVersion = 17.9.34728.123
MinimumVisualStudioVersion = 10.0.40219.1
Project("{2150E333-8FDC-42A3-9474-1A3956D46DE8}") = "src", "src", "{1CEC194F-3131-4AD3-A21E-C3D07B19BB8D}"
	ProjectSection(SolutionItems) = preProject
		Exeption.txt = Exeption.txt
		RabbitMq.Docker.txt = RabbitMq.Docker.txt
	EndProjectSection
EndProject
Project("{9A19103F-16F7-4668-BE54-9A1E7A4F7556}") = "CodeApp.Order.Api", "CodeApp.Order.Api\CodeApp.Order.Api.csproj", "{9B26CF41-7E76-4D47-934E-1CAC82C0E0F5}"
EndProject
Project("{9A19103F-16F7-4668-BE54-9A1E7A4F7556}") = "CodeApp.Masstransit.Shared", "CodeApp.Masstransit.Shared\CodeApp.Masstransit.Shared.csproj", "{67D2F033-91A7-4BBF-93A9-2EA1F05BEFF5}"
EndProject
Project("{9A19103F-16F7-4668-BE54-9A1E7A4F7556}") = "CodeApp.Payment.Service", "CodeApp.Payment.Service\CodeApp.Payment.Service.csproj", "{EE3F0CBC-3A90-4E13-BE49-7879DD34381B}"
EndProject
Project("{FAE04EC0-301F-11D3-BF4B-00C04F79EFBC}") = "CodeApp.Notification.Service", "CodeApp.Notification.Service\CodeApp.Notification.Service.csproj", "{5151C479-80C8-47EB-9BF5-1ABF5610731B}"
EndProject
Global
	GlobalSection(SolutionConfigurationPlatforms) = preSolution
		Debug|Any CPU = Debug|Any CPU
		Release|Any CPU = Release|Any CPU
	EndGlobalSection
	GlobalSection(ProjectConfigurationPlatforms) = postSolution
		{9B26CF41-7E76-4D47-934E-1CAC82C0E0F5}.Debug|Any CPU.ActiveCfg = Debug|Any CPU
		{9B26CF41-7E76-4D47-934E-1CAC82C0E0F5}.Debug|Any CPU.Build.0 = Debug|Any CPU
		{9B26CF41-7E76-4D47-934E-1CAC82C0E0F5}.Release|Any CPU.ActiveCfg = Release|Any CPU
		{9B26CF41-7E76-4D47-934E-1CAC82C0E0F5}.Release|Any CPU.Build.0 = Release|Any CPU
		{67D2F033-91A7-4BBF-93A9-2EA1F05BEFF5}.Debug|Any CPU.ActiveCfg = Debug|Any CPU
		{67D2F033-91A7-4BBF-93A9-2EA1F05BEFF5}.Debug|Any CPU.Build.0 = Debug|Any CPU
		{67D2F033-91A7-4BBF-93A9-2EA1F05BEFF5}.Release|Any CPU.ActiveCfg = Release|Any CPU
		{67D2F033-91A7-4BBF-93A9-2EA1F05BEFF5}.Release|Any CPU.Build.0 = Release|Any CPU
		{EE3F0CBC-3A90-4E13-BE49-7879DD34381B}.Debug|Any CPU.ActiveCfg = Debug|Any CPU
		{EE3F0CBC-3A90-4E13-BE49-7879DD34381B}.Debug|Any CPU.Build.0 = Debug|Any CPU
		{EE3F0CBC-3A90-4E13-BE49-7879DD34381B}.Release|Any CPU.ActiveCfg = Release|Any CPU
		{EE3F0CBC-3A90-4E13-BE49-7879DD34381B}.Release|Any CPU.Build.0 = Release|Any CPU
		{5151C479-80C8-47EB-9BF5-1ABF5610731B}.Debug|Any CPU.ActiveCfg = Debug|Any CPU
		{5151C479-80C8-47EB-9BF5-1ABF5610731B}.Debug|Any CPU.Build.0 = Debug|Any CPU
		{5151C479-80C8-47EB-9BF5-1ABF5610731B}.Release|Any CPU.ActiveCfg = Release|Any CPU
		{5151C479-80C8-47EB-9BF5-1ABF5610731B}.Release|Any CPU.Build.0 = Release|Any CPU
	EndGlobalSection
	GlobalSection(SolutionProperties) = preSolution
		HideSolutionNode = FALSE
	EndGlobalSection
	GlobalSection(NestedProjects) = preSolution
		{9B26CF41-7E76-4D47-934E-1CAC82C0E0F5} = {1CEC194F-3131-4AD3-A21E-C3D07B19BB8D}
		{67D2F033-91A7-4BBF-93A9-2EA1F05BEFF5} = {1CEC194F-3131-4AD3-A21E-C3D07B19BB8D}
		{EE3F0CBC-3A90-4E13-BE49-7879DD34381B} = {1CEC194F-3131-4AD3-A21E-C3D07B19BB8D}
		{5151C479-80C8-47EB-9BF5-1ABF5610731B} = {1CEC194F-3131-4AD3-A21E-C3D07B19BB8D}
	EndGlobalSection
	GlobalSection(ExtensibilityGlobals) = postSolution
		SolutionGuid = {14473AF5-2F68-4F19-8D54-F14BCA4576B3}
	EndGlobalSection
EndGlobal
